
Microsoft Visual Studio Solution File, Format Version 12.00
# Visual Studio Version 16
VisualStudioVersion = 16.0.810.7
MinimumVisualStudioVersion = 10.0.40219.1
Project("{FAE04EC0-301F-11D3-BF4B-00C04F79EFBC}") = "OperatorExercise", "OperatorExercise\OperatorExercise.csproj", "{7D0817C2-04AA-4D68-955B-139EF7D7F72B}"
EndProject
Global
	GlobalSection(SolutionConfigurationPlatforms) = preSolution
		Debug|Any CPU = Debug|Any CPU
		Release|Any CPU = Release|Any CPU
	EndGlobalSection
	GlobalSection(ProjectConfigurationPlatforms) = postSolution
		{7D0817C2-04AA-4D68-955B-139EF7D7F72B}.Debug|Any CPU.ActiveCfg = Debug|Any CPU
		{7D0817C2-04AA-4D68-955B-139EF7D7F72B}.Debug|Any CPU.Build.0 = Debug|Any CPU
		{7D0817C2-04AA-4D68-955B-139EF7D7F72B}.Release|Any CPU.ActiveCfg = Release|Any CPU
		{7D0817C2-04AA-4D68-955B-139EF7D7F72B}.Release|Any CPU.Build.0 = Release|Any CPU
	EndGlobalSection
	GlobalSection(SolutionProperties) = preSolution
		HideSolutionNode = FALSE
	EndGlobalSection
	GlobalSection(ExtensibilityGlobals) = postSolution
		SolutionGuid = {1E7F923B-1C9D-4DCF-8ED1-BC74F709E7A5}
	EndGlobalSection
EndGlobal
